<Solution>
  <Project Path="Fusion.Unity.csproj" />
  <Project Path="Photon.Realtime.csproj" />
  <Project Path="Fusion.Unity.Editor.csproj" />
  <Project Path="TheSancturary.Runtime.csproj" />
  <Project Path="TheSancturary.Tests.EditMode.csproj" />
  <Project Path="Unity.Fusion.CodeGen.csproj" />
</Solution>
